
Microsoft Visual Studio Solution File, Format Version 12.00
# Visual Studio Version 17
VisualStudioVersion = 17.0.31912.275
MinimumVisualStudioVersion = 10.0.40219.1
Project("{8BC9CEB8-8B4A-11D0-8D11-00A0C91BC942}") = "Homework31", "Homework31\Homework31.vcxproj", "{0C365225-9790-4CEE-9494-3F130F0B48B9}"
EndProject
Global
	GlobalSection(SolutionConfigurationPlatforms) = preSolution
		Debug|x64 = Debug|x64
		Debug|x86 = Debug|x86
		Release|x64 = Release|x64
		Release|x86 = Release|x86
	EndGlobalSection
	GlobalSection(ProjectConfigurationPlatforms) = postSolution
		{0C365225-9790-4CEE-9494-3F130F0B48B9}.Debug|x64.ActiveCfg = Debug|x64
		{0C365225-9790-4CEE-9494-3F130F0B48B9}.Debug|x64.Build.0 = Debug|x64
		{0C365225-9790-4CEE-9494-3F130F0B48B9}.Debug|x86.ActiveCfg = Debug|Win32
		{0C365225-9790-4CEE-9494-3F130F0B48B9}.Debug|x86.Build.0 = Debug|Win32
		{0C365225-9790-4CEE-9494-3F130F0B48B9}.Release|x64.ActiveCfg = Release|x64
		{0C365225-9790-4CEE-9494-3F130F0B48B9}.Release|x64.Build.0 = Release|x64
		{0C365225-9790-4CEE-9494-3F130F0B48B9}.Release|x86.ActiveCfg = Release|Win32
		{0C365225-9790-4CEE-9494-3F130F0B48B9}.Release|x86.Build.0 = Release|Win32
	EndGlobalSection
	GlobalSection(SolutionProperties) = preSolution
		HideSolutionNode = FALSE
	EndGlobalSection
	GlobalSection(ExtensibilityGlobals) = postSolution
		SolutionGuid = {A777DD47-087F-4CB1-BF03-1176DE47E6E2}
	EndGlobalSection
EndGlobal
